# This file is automatically @generated by Cargo.
# It is not intended for manual editing.
version = 4

[[package]]
name = "cobrust-cli"
version = "0.0.1"

[[package]]
name = "cobrust-codegen"
version = "0.0.1"

[[package]]
name = "cobrust-frontend"
version = "0.0.1"

[[package]]
name = "cobrust-hir"
version = "0.0.1"

[[package]]
name = "cobrust-llm-router"
version = "0.0.1"

[[package]]
name = "cobrust-mir"
version = "0.0.1"

[[package]]
name = "cobrust-translator"
version = "0.0.1"

[[package]]
name = "cobrust-types"
version = "0.0.1"
