# cobrust.lock — auto-generated by `cobrust build`. Do not edit.
# Determinism contract: ADR-0026 §C.

[metadata]
manifest_hash = "blake3:8facf28763335a7e1646534d209941b2320cd466e673b8d2da9e89005272ae9f"
lockfile_version = 1

[[package]]
name = "cobrust-notebook-config"
version = "0.1.0"
source = "path+file://../notebook-config"
hash = "blake3:745dca53dd9a9f52d50eb6692214935de38a241cd4bb27da82b194dec2d4ec99"
provenance_hash = "blake3:0000000000000000000000000000000000000000000000000000000000000001"
dependencies = []

[[package]]
name = "notebook"
version = "0.1.0"
source = "path+file:///Users/hakureirm/codespace/Study/cobrust-m12x/examples/notebook"
hash = "blake3:root"
dependencies = ["cobrust-notebook-config 0.1.0"]
